
Microsoft Visual Studio Solution File, Format Version 12.00
# Visual Studio Version 16
VisualStudioVersion = 16.0.31105.61
MinimumVisualStudioVersion = 10.0.40219.1
Project("{9A19103F-16F7-4668-BE54-9A1E7A4F7556}") = "SimbirSoft.Intensive", "SimbirSoft.Intensive\SimbirSoft.Intensive.csproj", "{F159C907-2812-4630-B049-201827152C3D}"
EndProject
Project("{FAE04EC0-301F-11D3-BF4B-00C04F79EFBC}") = "SimbirSoft.Intensive.Database", "SimbirSoft.Intensive.Database\SimbirSoft.Intensive.Database.csproj", "{4C3B0395-8A58-43C1-84CF-B51E2B1F88F4}"
EndProject
Project("{FAE04EC0-301F-11D3-BF4B-00C04F79EFBC}") = "SimbirSoft.Intensive.Core", "SimbirSoft.Intensive.Core\SimbirSoft.Intensive.Core.csproj", "{405241C8-9CCA-4780-B7D1-5FF763F9A05B}"
EndProject
Global
	GlobalSection(SolutionConfigurationPlatforms) = preSolution
		Debug|Any CPU = Debug|Any CPU
		Release|Any CPU = Release|Any CPU
	EndGlobalSection
	GlobalSection(ProjectConfigurationPlatforms) = postSolution
		{F159C907-2812-4630-B049-201827152C3D}.Debug|Any CPU.ActiveCfg = Debug|Any CPU
		{F159C907-2812-4630-B049-201827152C3D}.Debug|Any CPU.Build.0 = Debug|Any CPU
		{F159C907-2812-4630-B049-201827152C3D}.Release|Any CPU.ActiveCfg = Release|Any CPU
		{F159C907-2812-4630-B049-201827152C3D}.Release|Any CPU.Build.0 = Release|Any CPU
		{4C3B0395-8A58-43C1-84CF-B51E2B1F88F4}.Debug|Any CPU.ActiveCfg = Debug|Any CPU
		{4C3B0395-8A58-43C1-84CF-B51E2B1F88F4}.Debug|Any CPU.Build.0 = Debug|Any CPU
		{4C3B0395-8A58-43C1-84CF-B51E2B1F88F4}.Release|Any CPU.ActiveCfg = Release|Any CPU
		{4C3B0395-8A58-43C1-84CF-B51E2B1F88F4}.Release|Any CPU.Build.0 = Release|Any CPU
		{405241C8-9CCA-4780-B7D1-5FF763F9A05B}.Debug|Any CPU.ActiveCfg = Debug|Any CPU
		{405241C8-9CCA-4780-B7D1-5FF763F9A05B}.Debug|Any CPU.Build.0 = Debug|Any CPU
		{405241C8-9CCA-4780-B7D1-5FF763F9A05B}.Release|Any CPU.ActiveCfg = Release|Any CPU
		{405241C8-9CCA-4780-B7D1-5FF763F9A05B}.Release|Any CPU.Build.0 = Release|Any CPU
	EndGlobalSection
	GlobalSection(SolutionProperties) = preSolution
		HideSolutionNode = FALSE
	EndGlobalSection
	GlobalSection(ExtensibilityGlobals) = postSolution
		SolutionGuid = {E313E756-281E-4CDC-8F73-5549C4FCD79E}
	EndGlobalSection
EndGlobal
