
Microsoft Visual Studio Solution File, Format Version 12.00
# Visual Studio Version 16
VisualStudioVersion = 16.0.31105.61
MinimumVisualStudioVersion = 10.0.40219.1
Project("{FAE04EC0-301F-11D3-BF4B-00C04F79EFBC}") = "API", "API\API.csproj", "{419D820B-5D1C-4C3F-8F30-1365625A604B}"
EndProject
Project("{FAE04EC0-301F-11D3-BF4B-00C04F79EFBC}") = "SimbirSoft.Intensive.DAL", "SimbirSoft.Intensive.DAL\SimbirSoft.Intensive.DAL.csproj", "{0D0819C4-E9EE-46E7-A3F3-578F9C809E3D}"
EndProject
Project("{FAE04EC0-301F-11D3-BF4B-00C04F79EFBC}") = "SimbirSoft.Intensive.BL", "SimbirSoft.Intensive.BL\SimbirSoft.Intensive.BL.csproj", "{4DA8B3D7-43E1-4682-B55F-CE80637BA26E}"
EndProject
Global
	GlobalSection(SolutionConfigurationPlatforms) = preSolution
		Debug|Any CPU = Debug|Any CPU
		Release|Any CPU = Release|Any CPU
	EndGlobalSection
	GlobalSection(ProjectConfigurationPlatforms) = postSolution
		{419D820B-5D1C-4C3F-8F30-1365625A604B}.Debug|Any CPU.ActiveCfg = Debug|Any CPU
		{419D820B-5D1C-4C3F-8F30-1365625A604B}.Debug|Any CPU.Build.0 = Debug|Any CPU
		{419D820B-5D1C-4C3F-8F30-1365625A604B}.Release|Any CPU.ActiveCfg = Release|Any CPU
		{419D820B-5D1C-4C3F-8F30-1365625A604B}.Release|Any CPU.Build.0 = Release|Any CPU
		{0D0819C4-E9EE-46E7-A3F3-578F9C809E3D}.Debug|Any CPU.ActiveCfg = Debug|Any CPU
		{0D0819C4-E9EE-46E7-A3F3-578F9C809E3D}.Debug|Any CPU.Build.0 = Debug|Any CPU
		{0D0819C4-E9EE-46E7-A3F3-578F9C809E3D}.Release|Any CPU.ActiveCfg = Release|Any CPU
		{0D0819C4-E9EE-46E7-A3F3-578F9C809E3D}.Release|Any CPU.Build.0 = Release|Any CPU
		{4DA8B3D7-43E1-4682-B55F-CE80637BA26E}.Debug|Any CPU.ActiveCfg = Debug|Any CPU
		{4DA8B3D7-43E1-4682-B55F-CE80637BA26E}.Debug|Any CPU.Build.0 = Debug|Any CPU
		{4DA8B3D7-43E1-4682-B55F-CE80637BA26E}.Release|Any CPU.ActiveCfg = Release|Any CPU
		{4DA8B3D7-43E1-4682-B55F-CE80637BA26E}.Release|Any CPU.Build.0 = Release|Any CPU
	EndGlobalSection
	GlobalSection(SolutionProperties) = preSolution
		HideSolutionNode = FALSE
	EndGlobalSection
	GlobalSection(ExtensibilityGlobals) = postSolution
		SolutionGuid = {E313E756-281E-4CDC-8F73-5549C4FCD79E}
	EndGlobalSection
EndGlobal
